
Microsoft Visual Studio Solution File, Format Version 12.00
# Visual Studio Version 16
VisualStudioVersion = 16.0.30907.101
MinimumVisualStudioVersion = 10.0.40219.1
Project("{FAE04EC0-301F-11D3-BF4B-00C04F79EFBC}") = "ConsoleApp1", "ConsoleApp1.csproj", "{DBAFC79D-FE03-4273-AE34-AC197263F1D3}"
EndProject
Global
	GlobalSection(SolutionConfigurationPlatforms) = preSolution
		Debug|Any CPU = Debug|Any CPU
		Release|Any CPU = Release|Any CPU
	EndGlobalSection
	GlobalSection(ProjectConfigurationPlatforms) = postSolution
		{DBAFC79D-FE03-4273-AE34-AC197263F1D3}.Debug|Any CPU.ActiveCfg = Debug|Any CPU
		{DBAFC79D-FE03-4273-AE34-AC197263F1D3}.Debug|Any CPU.Build.0 = Debug|Any CPU
		{DBAFC79D-FE03-4273-AE34-AC197263F1D3}.Release|Any CPU.ActiveCfg = Release|Any CPU
		{DBAFC79D-FE03-4273-AE34-AC197263F1D3}.Release|Any CPU.Build.0 = Release|Any CPU
	EndGlobalSection
	GlobalSection(SolutionProperties) = preSolution
		HideSolutionNode = FALSE
	EndGlobalSection
	GlobalSection(ExtensibilityGlobals) = postSolution
		SolutionGuid = {69B2DB2D-3412-4D2A-B974-6769B42B6634}
	EndGlobalSection
EndGlobal
